PODS:
  - Capacitor (1.0.0-beta.25):
    - CapacitorCordova (= 1.0.0-beta.25)
  - CapacitorCordova (1.0.0-beta.25)
  - CordovaPlugins (1.0.0-beta.25):
    - CapacitorCordova

DEPENDENCIES:
  - "Capacitor (from `../../node_modules/@capacitor/ios`)"
  - "CapacitorCordova (from `../../node_modules/@capacitor/ios`)"
  - CordovaPlugins (from `../capacitor-cordova-ios-plugins`)

EXTERNAL SOURCES:
  Capacitor:
    :path: "../../node_modules/@capacitor/ios"
  CapacitorCordova:
    :path: "../../node_modules/@capacitor/ios"
  CordovaPlugins:
    :path: "../capacitor-cordova-ios-plugins"

SPEC CHECKSUMS:
  Capacitor: be6076128754206ad87165889480b99dbb17e879
  CapacitorCordova: f60ef624dfdb9b48155c19949d14efb66a617a9c
  CordovaPlugins: 37a8ae09132c7b519ec78a8986cea74a2bee5025

PODFILE CHECKSUM: e57e508ec5349ca6023fde9134b1008ce56a92fa

COCOAPODS: 1.6.1
